// !$*UTF8*$!
{
	archiveVersion = 1;
	classes = {
	};
	objectVersion = 56;
	objects = {

/* Begin PBXBuildFile section */
		9506028E2BA33F3000C1403E /* ecommerceappApp.swift in Sources */ = {isa = PBXBuildFile; fileRef = 9506028D2BA33F3000C1403E /* ecommerceappApp.swift */; };
		950602902BA33F3000C1403E /* ContentView.swift in Sources */ = {isa = PBXBuildFile; fileRef = 9506028F2BA33F3000C1403E /* ContentView.swift */; };
		950602922BA33F3100C1403E /* Assets.xcassets in Resources */ = {isa = PBXBuildFile; fileRef = 950602912BA33F3100C1403E /* Assets.xcassets */; };
		950602952BA33F3100C1403E /* Preview Assets.xcassets in Resources */ = {isa = PBXBuildFile; fileRef = 950602942BA33F3100C1403E /* Preview Assets.xcassets */; };
		9506029F2BA33F3200C1403E /* ecommerceappTests.swift in Sources */ = {isa = PBXBuildFile; fileRef = 9506029E2BA33F3200C1403E /* ecommerceappTests.swift */; };
		950602A92BA33F3200C1403E /* ecommerceappUITests.swift in Sources */ = {isa = PBXBuildFile; fileRef = 950602A82BA33F3200C1403E /* ecommerceappUITests.swift */; };
		950602AB2BA33F3200C1403E /* ecommerceappUITestsLaunchTests.swift in Sources */ = {isa = PBXBuildFile; fileRef = 950602AA2BA33F3200C1403E /* ecommerceappUITestsLaunchTests.swift */; };
/* End PBXBuildFile section */

/* Begin PBXContainerItemProxy section */
		9506029B2BA33F3200C1403E /* PBXContainerItemProxy */ = {
			isa = PBXContainerItemProxy;
			containerPortal = 950602822BA33F3000C1403E /* Project object */;
			proxyType = 1;
			remoteGlobalIDString = 950602892BA33F3000C1403E;
			remoteInfo = ecommerceapp;
		};
		950602A52BA33F3200C1403E /* PBXContainerItemProxy */ = {
			isa = PBXContainerItemProxy;
			containerPortal = 950602822BA33F3000C1403E /* Project object */;
			proxyType = 1;
			remoteGlobalIDString = 950602892BA33F3000C1403E;
			remoteInfo = ecommerceapp;
		};
/* End PBXContainerItemProxy section */

/* Begin PBXFileReference section */
		9506028A2BA33F3000C1403E /* ecommerceapp.app */ = {isa = PBXFileReference; explicitFileType = wrapper.application; includeInIndex = 0; path = ecommerceapp.app; sourceTree = BUILT_PRODUCTS_DIR; };
		9506028D2BA33F3000C1403E /* ecommerceappApp.swift */ = {isa = PBXFileReference; lastKnownFileType = sourcecode.swift; path = ecommerceappApp.swift; sourceTree = "<group>"; };
		9506028F2BA33F3000C1403E /* ContentView.swift */ = {isa = PBXFileReference; lastKnownFileType = sourcecode.swift; path = ContentView.swift; sourceTree = "<group>"; };
		950602912BA33F3100C1403E /* Assets.xcassets */ = {isa = PBXFileReference; lastKnownFileType = folder.assetcatalog; path = Assets.xcassets; sourceTree = "<group>"; };
		950602942BA33F3100C1403E /* Preview Assets.xcassets */ = {isa = PBXFileReference; lastKnownFileType = folder.assetcatalog; path = "Preview Assets.xcassets"; sourceTree = "<group>"; };
		9506029A2BA33F3200C1403E /* ecommerceappTests.xctest */ = {isa = PBXFileReference; explicitFileType = wrapper.cfbundle; includeInIndex = 0; path = ecommerceappTests.xctest; sourceTree = BUILT_PRODUCTS_DIR; };
		9506029E2BA33F3200C1403E /* ecommerceappTests.swift */ = {isa = PBXFileReference; lastKnownFileType = sourcecode.swift; path = ecommerceappTests.swift; sourceTree = "<group>"; };
		950602A42BA33F3200C1403E /* ecommerceappUITests.xctest */ = {isa = PBXFileReference; explicitFileType = wrapper.cfbundle; includeInIndex = 0; path = ecommerceappUITests.xctest; sourceTree = BUILT_PRODUCTS_DIR; };
		950602A82BA33F3200C1403E /* ecommerceappUITests.swift */ = {isa = PBXFileReference; lastKnownFileType = sourcecode.swift; path = ecommerceappUITests.swift; sourceTree = "<group>"; };
		950602AA2BA33F3200C1403E /* ecommerceappUITestsLaunchTests.swift */ = {isa = PBXFileReference; lastKnownFileType = sourcecode.swift; path = ecommerceappUITestsLaunchTests.swift; sourceTree = "<group>"; };
/* End PBXFileReference section */

/* Begin PBXFrameworksBuildPhase section */
		950602872BA33F3000C1403E /* Frameworks */ = {
			isa = PBXFrameworksBuildPhase;
			buildActionMask = 2147483647;
			files = (
			);
			runOnlyForDeploymentPostprocessing = 0;
		};
		950602972BA33F3200C1403E /* Frameworks */ = {
			isa = PBXFrameworksBuildPhase;
			buildActionMask = 2147483647;
			files = (
			);
			runOnlyForDeploymentPostprocessing = 0;
		};
		950602A12BA33F3200C1403E /* Frameworks */ = {
			isa = PBXFrameworksBuildPhase;
			buildActionMask = 2147483647;
			files = (
			);
			runOnlyForDeploymentPostprocessing = 0;
		};
/* End PBXFrameworksBuildPhase section */

/* Begin PBXGroup section */
		950602812BA33F3000C1403E = {
			isa = PBXGroup;
			children = (
				9506028C2BA33F3000C1403E /* ecommerceapp */,
				9506029D2BA33F3200C1403E /* ecommerceappTests */,
				950602A72BA33F3200C1403E /* ecommerceappUITests */,
				9506028B2BA33F3000C1403E /* Products */,
			);
			sourceTree = "<group>";
		};
		9506028B2BA33F3000C1403E /* Products */ = {
			isa = PBXGroup;
			children = (
				9506028A2BA33F3000C1403E /* ecommerceapp.app */,
				9506029A2BA33F3200C1403E /* ecommerceappTests.xctest */,
				950602A42BA33F3200C1403E /* ecommerceappUITests.xctest */,
			);
			name = Products;
			sourceTree = "<group>";
		};
		9506028C2BA33F3000C1403E /* ecommerceapp */ = {
			isa = PBXGroup;
			children = (
				9506028D2BA33F3000C1403E /* ecommerceappApp.swift */,
				9506028F2BA33F3000C1403E /* ContentView.swift */,
				950602912BA33F3100C1403E /* Assets.xcassets */,
				950602932BA33F3100C1403E /* Preview Content */,
			);
			path = ecommerceapp;
			sourceTree = "<group>";
		};
		950602932BA33F3100C1403E /* Preview Content */ = {
			isa = PBXGroup;
			children = (
				950602942BA33F3100C1403E /* Preview Assets.xcassets */,
			);
			path = "Preview Content";
			sourceTree = "<group>";
		};
		9506029D2BA33F3200C1403E /* ecommerceappTests */ = {
			isa = PBXGroup;
			children = (
				9506029E2BA33F3200C1403E /* ecommerceappTests.swift */,
			);
			path = ecommerceappTests;
			sourceTree = "<group>";
		};
		950602A72BA33F3200C1403E /* ecommerceappUITests */ = {
			isa = PBXGroup;
			children = (
				950602A82BA33F3200C1403E /* ecommerceappUITests.swift */,
				950602AA2BA33F3200C1403E /* ecommerceappUITestsLaunchTests.swift */,
			);
			path = ecommerceappUITests;
			sourceTree = "<group>";
		};
/* End PBXGroup section */

/* Begin PBXNativeTarget section */
		950602892BA33F3000C1403E /* ecommerceapp */ = {
			isa = PBXNativeTarget;
			buildConfigurationList = 950602AE2BA33F3200C1403E /* Build configuration list for PBXNativeTarget "ecommerceapp" */;
			buildPhases = (
				950602862BA33F3000C1403E /* Sources */,
				950602872BA33F3000C1403E /* Frameworks */,
				950602882BA33F3000C1403E /* Resources */,
			);
			buildRules = (
			);
			dependencies = (
			);
			name = ecommerceapp;
			productName = ecommerceapp;
			productReference = 9506028A2BA33F3000C1403E /* ecommerceapp.app */;
			productType = "com.apple.product-type.application";
		};
		950602992BA33F3200C1403E /* ecommerceappTests */ = {
			isa = PBXNativeTarget;
			buildConfigurationList = 950602B12BA33F3200C1403E /* Build configuration list for PBXNativeTarget "ecommerceappTests" */;
			buildPhases = (
				950602962BA33F3200C1403E /* Sources */,
				950602972BA33F3200C1403E /* Frameworks */,
				950602982BA33F3200C1403E /* Resources */,
			);
			buildRules = (
			);
			dependencies = (
				9506029C2BA33F3200C1403E /* PBXTargetDependency */,
			);
			name = ecommerceappTests;
			productName = ecommerceappTests;
			productReference = 9506029A2BA33F3200C1403E /* ecommerceappTests.xctest */;
			productType = "com.apple.product-type.bundle.unit-test";
		};
		950602A32BA33F3200C1403E /* ecommerceappUITests */ = {
			isa = PBXNativeTarget;
			buildConfigurationList = 950602B42BA33F3200C1403E /* Build configuration list for PBXNativeTarget "ecommerceappUITests" */;
			buildPhases = (
				950602A02BA33F3200C1403E /* Sources */,
				950602A12BA33F3200C1403E /* Frameworks */,
				950602A22BA33F3200C1403E /* Resources */,
			);
			buildRules = (
			);
			dependencies = (
				950602A62BA33F3200C1403E /* PBXTargetDependency */,
			);
			name = ecommerceappUITests;
			productName = ecommerceappUITests;
			productReference = 950602A42BA33F3200C1403E /* ecommerceappUITests.xctest */;
			productType = "com.apple.product-type.bundle.ui-testing";
		};
/* End PBXNativeTarget section */

/* Begin PBXProject section */
		950602822BA33F3000C1403E /* Project object */ = {
			isa = PBXProject;
			attributes = {
				BuildIndependentTargetsInParallel = 1;
				LastSwiftUpdateCheck = 1520;
				LastUpgradeCheck = 1520;
				TargetAttributes = {
					950602892BA33F3000C1403E = {
						CreatedOnToolsVersion = 15.2;
					};
					950602992BA33F3200C1403E = {
						CreatedOnToolsVersion = 15.2;
						TestTargetID = 950602892BA33F3000C1403E;
					};
					950602A32BA33F3200C1403E = {
						CreatedOnToolsVersion = 15.2;
						TestTargetID = 950602892BA33F3000C1403E;
					};
				};
			};
			buildConfigurationList = 950602852BA33F3000C1403E /* Build configuration list for PBXProject "ecommerceapp" */;
			compatibilityVersion = "Xcode 14.0";
			developmentRegion = en;
			hasScannedForEncodings = 0;
			knownRegions = (
				en,
				Base,
			);
			mainGroup = 950602812BA33F3000C1403E;
			productRefGroup = 9506028B2BA33F3000C1403E /* Products */;
			projectDirPath = "";
			projectRoot = "";
			targets = (
				950602892BA33F3000C1403E /* ecommerceapp */,
				950602992BA33F3200C1403E /* ecommerceappTests */,
				950602A32BA33F3200C1403E /* ecommerceappUITests */,
			);
		};
/* End PBXProject section */

/* Begin PBXResourcesBuildPhase section */
		950602882BA33F3000C1403E /* Resources */ = {
			isa = PBXResourcesBuildPhase;
			buildActionMask = 2147483647;
			files = (
				950602952BA33F3100C1403E /* Preview Assets.xcassets in Resources */,
				950602922BA33F3100C1403E /* Assets.xcassets in Resources */,
			);
			runOnlyForDeploymentPostprocessing = 0;
		};
		950602982BA33F3200C1403E /* Resources */ = {
			isa = PBXResourcesBuildPhase;
			buildActionMask = 2147483647;
			files = (
			);
			runOnlyForDeploymentPostprocessing = 0;
		};
		950602A22BA33F3200C1403E /* Resources */ = {
			isa = PBXResourcesBuildPhase;
			buildActionMask = 2147483647;
			files = (
			);
			runOnlyForDeploymentPostprocessing = 0;
		};
/* End PBXResourcesBuildPhase section */

/* Begin PBXSourcesBuildPhase section */
		950602862BA33F3000C1403E /* Sources */ = {
			isa = PBXSourcesBuildPhase;
			buildActionMask = 2147483647;
			files = (
				950602902BA33F3000C1403E /* ContentView.swift in Sources */,
				9506028E2BA33F3000C1403E /* ecommerceappApp.swift in Sources */,
			);
			runOnlyForDeploymentPostprocessing = 0;
		};
		950602962BA33F3200C1403E /* Sources */ = {
			isa = PBXSourcesBuildPhase;
			buildActionMask = 2147483647;
			files = (
				9506029F2BA33F3200C1403E /* ecommerceappTests.swift in Sources */,
			);
			runOnlyForDeploymentPostprocessing = 0;
		};
		950602A02BA33F3200C1403E /* Sources */ = {
			isa = PBXSourcesBuildPhase;
			buildActionMask = 2147483647;
			files = (
				950602A92BA33F3200C1403E /* ecommerceappUITests.swift in Sources */,
				950602AB2BA33F3200C1403E /* ecommerceappUITestsLaunchTests.swift in Sources */,
			);
			runOnlyForDeploymentPostprocessing = 0;
		};
/* End PBXSourcesBuildPhase section */

/* Begin PBXTargetDependency section */
		9506029C2BA33F3200C1403E /* PBXTargetDependency */ = {
			isa = PBXTargetDependency;
			target = 950602892BA33F3000C1403E /* ecommerceapp */;
			targetProxy = 9506029B2BA33F3200C1403E /* PBXContainerItemProxy */;
		};
		950602A62BA33F3200C1403E /* PBXTargetDependency */ = {
			isa = PBXTargetDependency;
			target = 950602892BA33F3000C1403E /* ecommerceapp */;
			targetProxy = 950602A52BA33F3200C1403E /* PBXContainerItemProxy */;
		};
/* End PBXTargetDependency section */

/* Begin XCBuildConfiguration section */
		950602AC2BA33F3200C1403E /* Debug */ = {
			isa = XCBuildConfiguration;
			buildSettings = {
				ALWAYS_SEARCH_USER_PATHS = NO;
				ASSETCATALOG_COMPILER_GENERATE_SWIFT_ASSET_SYMBOL_EXTENSIONS = YES;
				CLANG_ANALYZER_NONNULL = YES;
				CLANG_ANALYZER_NUMBER_OBJECT_CONVERSION = YES_AGGRESSIVE;
				CLANG_CXX_LANGUAGE_STANDARD = "gnu++20";
				CLANG_ENABLE_MODULES = YES;
				CLANG_ENABLE_OBJC_ARC = YES;
				CLANG_ENABLE_OBJC_WEAK = YES;
				CLANG_WARN_BLOCK_CAPTURE_AUTORELEASING = YES;
				CLANG_WARN_BOOL_CONVERSION = YES;
				CLANG_WARN_COMMA = YES;
				CLANG_WARN_CONSTANT_CONVERSION = YES;
				CLANG_WARN_DEPRECATED_OBJC_IMPLEMENTATIONS = YES;
				CLANG_WARN_DIRECT_OBJC_ISA_USAGE = YES_ERROR;
				CLANG_WARN_DOCUMENTATION_COMMENTS = YES;
				CLANG_WARN_EMPTY_BODY = YES;
				CLANG_WARN_ENUM_CONVERSION = YES;
				CLANG_WARN_INFINITE_RECURSION = YES;
				CLANG_WARN_INT_CONVERSION = YES;
				CLANG_WARN_NON_LITERAL_NULL_CONVERSION = YES;
				CLANG_WARN_OBJC_IMPLICIT_RETAIN_SELF = YES;
				CLANG_WARN_OBJC_LITERAL_CONVERSION = YES;
				CLANG_WARN_OBJC_ROOT_CLASS = YES_ERROR;
				CLANG_WARN_QUOTED_INCLUDE_IN_FRAMEWORK_HEADER = YES;
				CLANG_WARN_RANGE_LOOP_ANALYSIS = YES;
				CLANG_WARN_STRICT_PROTOTYPES = YES;
				CLANG_WARN_SUSPICIOUS_MOVE = YES;
				CLANG_WARN_UNGUARDED_AVAILABILITY = YES_AGGRESSIVE;
				CLANG_WARN_UNREACHABLE_CODE = YES;
				CLANG_WARN__DUPLICATE_METHOD_MATCH = YES;
				COPY_PHASE_STRIP = NO;
				DEBUG_INFORMATION_FORMAT = dwarf;
				ENABLE_STRICT_OBJC_MSGSEND = YES;
				ENABLE_TESTABILITY = YES;
				ENABLE_USER_SCRIPT_SANDBOXING = YES;
				GCC_C_LANGUAGE_STANDARD = gnu17;
				GCC_DYNAMIC_NO_PIC = NO;
				GCC_NO_COMMON_BLOCKS = YES;
				GCC_OPTIMIZATION_LEVEL = 0;
				GCC_PREPROCESSOR_DEFINITIONS = (
					"DEBUG=1",
					"$(inherited)",
				);
				GCC_WARN_64_TO_32_BIT_CONVERSION = YES;
				GCC_WARN_ABOUT_RETURN_TYPE = YES_ERROR;
				GCC_WARN_UNDECLARED_SELECTOR = YES;
				GCC_WARN_UNINITIALIZED_AUTOS = YES_AGGRESSIVE;
				GCC_WARN_UNUSED_FUNCTION = YES;
				GCC_WARN_UNUSED_VARIABLE = YES;
				IPHONEOS_DEPLOYMENT_TARGET = 17.2;
				LOCALIZATION_PREFERS_STRING_CATALOGS = YES;
				MTL_ENABLE_DEBUG_INFO = INCLUDE_SOURCE;
				MTL_FAST_MATH = YES;
				ONLY_ACTIVE_ARCH = YES;
				SDKROOT = iphoneos;
				SWIFT_ACTIVE_COMPILATION_CONDITIONS = "DEBUG $(inherited)";
				SWIFT_OPTIMIZATION_LEVEL = "-Onone";
			};
			name = Debug;
		};
		950602AD2BA33F3200C1403E /* Release */ = {
			isa = XCBuildConfiguration;
			buildSettings = {
				ALWAYS_SEARCH_USER_PATHS = NO;
				ASSETCATALOG_COMPILER_GENERATE_SWIFT_ASSET_SYMBOL_EXTENSIONS = YES;
				CLANG_ANALYZER_NONNULL = YES;
				CLANG_ANALYZER_NUMBER_OBJECT_CONVERSION = YES_AGGRESSIVE;
				CLANG_CXX_LANGUAGE_STANDARD = "gnu++20";
				CLANG_ENABLE_MODULES = YES;
				CLANG_ENABLE_OBJC_ARC = YES;
				CLANG_ENABLE_OBJC_WEAK = YES;
				CLANG_WARN_BLOCK_CAPTURE_AUTORELEASING = YES;
				CLANG_WARN_BOOL_CONVERSION = YES;
				CLANG_WARN_COMMA = YES;
				CLANG_WARN_CONSTANT_CONVERSION = YES;
				CLANG_WARN_DEPRECATED_OBJC_IMPLEMENTATIONS = YES;
				CLANG_WARN_DIRECT_OBJC_ISA_USAGE = YES_ERROR;
				CLANG_WARN_DOCUMENTATION_COMMENTS = YES;
				CLANG_WARN_EMPTY_BODY = YES;
				CLANG_WARN_ENUM_CONVERSION = YES;
				CLANG_WARN_INFINITE_RECURSION = YES;
				CLANG_WARN_INT_CONVERSION = YES;
				CLANG_WARN_NON_LITERAL_NULL_CONVERSION = YES;
				CLANG_WARN_OBJC_IMPLICIT_RETAIN_SELF = YES;
				CLANG_WARN_OBJC_LITERAL_CONVERSION = YES;
				CLANG_WARN_OBJC_ROOT_CLASS = YES_ERROR;
				CLANG_WARN_QUOTED_INCLUDE_IN_FRAMEWORK_HEADER = YES;
				CLANG_WARN_RANGE_LOOP_ANALYSIS = YES;
				CLANG_WARN_STRICT_PROTOTYPES = YES;
				CLANG_WARN_SUSPICIOUS_MOVE = YES;
				CLANG_WARN_UNGUARDED_AVAILABILITY = YES_AGGRESSIVE;
				CLANG_WARN_UNREACHABLE_CODE = YES;
				CLANG_WARN__DUPLICATE_METHOD_MATCH = YES;
				COPY_PHASE_STRIP = NO;
				DEBUG_INFORMATION_FORMAT = "dwarf-with-dsym";
				ENABLE_NS_ASSERTIONS = NO;
				ENABLE_STRICT_OBJC_MSGSEND = YES;
				ENABLE_USER_SCRIPT_SANDBOXING = YES;
				GCC_C_LANGUAGE_STANDARD = gnu17;
				GCC_NO_COMMON_BLOCKS = YES;
				GCC_WARN_64_TO_32_BIT_CONVERSION = YES;
				GCC_WARN_ABOUT_RETURN_TYPE = YES_ERROR;
				GCC_WARN_UNDECLARED_SELECTOR = YES;
				GCC_WARN_UNINITIALIZED_AUTOS = YES_AGGRESSIVE;
				GCC_WARN_UNUSED_FUNCTION = YES;
				GCC_WARN_UNUSED_VARIABLE = YES;
				IPHONEOS_DEPLOYMENT_TARGET = 17.2;
				LOCALIZATION_PREFERS_STRING_CATALOGS = YES;
				MTL_ENABLE_DEBUG_INFO = NO;
				MTL_FAST_MATH = YES;
				SDKROOT = iphoneos;
				SWIFT_COMPILATION_MODE = wholemodule;
				VALIDATE_PRODUCT = YES;
			};
			name = Release;
		};
		950602AF2BA33F3200C1403E /* Debug */ = {
			isa = XCBuildConfiguration;
			buildSettings = {
				ASSETCATALOG_COMPILER_APPICON_NAME = AppIcon;
				ASSETCATALOG_COMPILER_GLOBAL_ACCENT_COLOR_NAME = AccentColor;
				CODE_SIGN_STYLE = Automatic;
				CURRENT_PROJECT_VERSION = 1;
				DEVELOPMENT_ASSET_PATHS = "\"ecommerceapp/Preview Content\"";
				ENABLE_PREVIEWS = YES;
				GENERATE_INFOPLIST_FILE = YES;
				INFOPLIST_KEY_UIApplicationSceneManifest_Generation = YES;
				INFOPLIST_KEY_UIApplicationSupportsIndirectInputEvents = YES;
				INFOPLIST_KEY_UILaunchScreen_Generation = YES;
				INFOPLIST_KEY_UISupportedInterfaceOrientations_iPad = "UIInterfaceOrientationPortrait UIInterfaceOrientationPortraitUpsideDown UIInterfaceOrientationLandscapeLeft UIInterfaceOrientationLandscapeRight";
				INFOPLIST_KEY_UISupportedInterfaceOrientations_iPhone = "UIInterfaceOrientationPortrait UIInterfaceOrientationLandscapeLeft UIInterfaceOrientationLandscapeRight";
				LD_RUNPATH_SEARCH_PATHS = (
					"$(inherited)",
					"@executable_path/Frameworks",
				);
				MARKETING_VERSION = 1.0;
				PRODUCT_BUNDLE_IDENTIFIER = "-.ecommerceapp";
				PRODUCT_NAME = "$(TARGET_NAME)";
				SWIFT_EMIT_LOC_STRINGS = YES;
				SWIFT_VERSION = 5.0;
				TARGETED_DEVICE_FAMILY = "1,2";
			};
			name = Debug;
		};
		950602B02BA33F3200C1403E /* Release */ = {
			isa = XCBuildConfiguration;
			buildSettings = {
				ASSETCATALOG_COMPILER_APPICON_NAME = AppIcon;
				ASSETCATALOG_COMPILER_GLOBAL_ACCENT_COLOR_NAME = AccentColor;
				CODE_SIGN_STYLE = Automatic;
				CURRENT_PROJECT_VERSION = 1;
				DEVELOPMENT_ASSET_PATHS = "\"ecommerceapp/Preview Content\"";
				ENABLE_PREVIEWS = YES;
				GENERATE_INFOPLIST_FILE = YES;
				INFOPLIST_KEY_UIApplicationSceneManifest_Generation = YES;
				INFOPLIST_KEY_UIApplicationSupportsIndirectInputEvents = YES;
				INFOPLIST_KEY_UILaunchScreen_Generation = YES;
				INFOPLIST_KEY_UISupportedInterfaceOrientations_iPad = "UIInterfaceOrientationPortrait UIInterfaceOrientationPortraitUpsideDown UIInterfaceOrientationLandscapeLeft UIInterfaceOrientationLandscapeRight";
				INFOPLIST_KEY_UISupportedInterfaceOrientations_iPhone = "UIInterfaceOrientationPortrait UIInterfaceOrientationLandscapeLeft UIInterfaceOrientationLandscapeRight";
				LD_RUNPATH_SEARCH_PATHS = (
					"$(inherited)",
					"@executable_path/Frameworks",
				);
				MARKETING_VERSION = 1.0;
				PRODUCT_BUNDLE_IDENTIFIER = "-.ecommerceapp";
				PRODUCT_NAME = "$(TARGET_NAME)";
				SWIFT_EMIT_LOC_STRINGS = YES;
				SWIFT_VERSION = 5.0;
				TARGETED_DEVICE_FAMILY = "1,2";
			};
			name = Release;
		};
		950602B22BA33F3200C1403E /* Debug */ = {
			isa = XCBuildConfiguration;
			buildSettings = {
				ALWAYS_EMBED_SWIFT_STANDARD_LIBRARIES = YES;
				BUNDLE_LOADER = "$(TEST_HOST)";
				CODE_SIGN_STYLE = Automatic;
				CURRENT_PROJECT_VERSION = 1;
				GENERATE_INFOPLIST_FILE = YES;
				IPHONEOS_DEPLOYMENT_TARGET = 17.2;
				MARKETING_VERSION = 1.0;
				PRODUCT_BUNDLE_IDENTIFIER = "-.ecommerceappTests";
				PRODUCT_NAME = "$(TARGET_NAME)";
				SWIFT_EMIT_LOC_STRINGS = NO;
				SWIFT_VERSION = 5.0;
				TARGETED_DEVICE_FAMILY = "1,2";
				TEST_HOST = "$(BUILT_PRODUCTS_DIR)/ecommerceapp.app/$(BUNDLE_EXECUTABLE_FOLDER_PATH)/ecommerceapp";
			};
			name = Debug;
		};
		950602B32BA33F3200C1403E /* Release */ = {
			isa = XCBuildConfiguration;
			buildSettings = {
				ALWAYS_EMBED_SWIFT_STANDARD_LIBRARIES = YES;
				BUNDLE_LOADER = "$(TEST_HOST)";
				CODE_SIGN_STYLE = Automatic;
				CURRENT_PROJECT_VERSION = 1;
				GENERATE_INFOPLIST_FILE = YES;
				IPHONEOS_DEPLOYMENT_TARGET = 17.2;
				MARKETING_VERSION = 1.0;
				PRODUCT_BUNDLE_IDENTIFIER = "-.ecommerceappTests";
				PRODUCT_NAME = "$(TARGET_NAME)";
				SWIFT_EMIT_LOC_STRINGS = NO;
				SWIFT_VERSION = 5.0;
				TARGETED_DEVICE_FAMILY = "1,2";
				TEST_HOST = "$(BUILT_PRODUCTS_DIR)/ecommerceapp.app/$(BUNDLE_EXECUTABLE_FOLDER_PATH)/ecommerceapp";
			};
			name = Release;
		};
		950602B52BA33F3200C1403E /* Debug */ = {
			isa = XCBuildConfiguration;
			buildSettings = {
				ALWAYS_EMBED_SWIFT_STANDARD_LIBRARIES = YES;
				CODE_SIGN_STYLE = Automatic;
				CURRENT_PROJECT_VERSION = 1;
				GENERATE_INFOPLIST_FILE = YES;
				MARKETING_VERSION = 1.0;
				PRODUCT_BUNDLE_IDENTIFIER = "-.ecommerceappUITests";
				PRODUCT_NAME = "$(TARGET_NAME)";
				SWIFT_EMIT_LOC_STRINGS = NO;
				SWIFT_VERSION = 5.0;
				TARGETED_DEVICE_FAMILY = "1,2";
				TEST_TARGET_NAME = ecommerceapp;
			};
			name = Debug;
		};
		950602B62BA33F3200C1403E /* Release */ = {
			isa = XCBuildConfiguration;
			buildSettings = {
				ALWAYS_EMBED_SWIFT_STANDARD_LIBRARIES = YES;
				CODE_SIGN_STYLE = Automatic;
				CURRENT_PROJECT_VERSION = 1;
				GENERATE_INFOPLIST_FILE = YES;
				MARKETING_VERSION = 1.0;
				PRODUCT_BUNDLE_IDENTIFIER = "-.ecommerceappUITests";
				PRODUCT_NAME = "$(TARGET_NAME)";
				SWIFT_EMIT_LOC_STRINGS = NO;
				SWIFT_VERSION = 5.0;
				TARGETED_DEVICE_FAMILY = "1,2";
				TEST_TARGET_NAME = ecommerceapp;
			};
			name = Release;
		};
/* End XCBuildConfiguration section */

/* Begin XCConfigurationList section */
		950602852BA33F3000C1403E /* Build configuration list for PBXProject "ecommerceapp" */ = {
			isa = XCConfigurationList;
			buildConfigurations = (
				950602AC2BA33F3200C1403E /* Debug */,
				950602AD2BA33F3200C1403E /* Release */,
			);
			defaultConfigurationIsVisible = 0;
			defaultConfigurationName = Release;
		};
		950602AE2BA33F3200C1403E /* Build configuration list for PBXNativeTarget "ecommerceapp" */ = {
			isa = XCConfigurationList;
			buildConfigurations = (
				950602AF2BA33F3200C1403E /* Debug */,
				950602B02BA33F3200C1403E /* Release */,
			);
			defaultConfigurationIsVisible = 0;
			defaultConfigurationName = Release;
		};
		950602B12BA33F3200C1403E /* Build configuration list for PBXNativeTarget "ecommerceappTests" */ = {
			isa = XCConfigurationList;
			buildConfigurations = (
				950602B22BA33F3200C1403E /* Debug */,
				950602B32BA33F3200C1403E /* Release */,
			);
			defaultConfigurationIsVisible = 0;
			defaultConfigurationName = Release;
		};
		950602B42BA33F3200C1403E /* Build configuration list for PBXNativeTarget "ecommerceappUITests" */ = {
			isa = XCConfigurationList;
			buildConfigurations = (
				950602B52BA33F3200C1403E /* Debug */,
				950602B62BA33F3200C1403E /* Release */,
			);
			defaultConfigurationIsVisible = 0;
			defaultConfigurationName = Release;
		};
/* End XCConfigurationList section */
	};
	rootObject = 950602822BA33F3000C1403E /* Project object */;
}
